# Hash-locked development dependencies for CPython 3.12 on Windows x86-64 and
# manylinux2014 x86-64. Runtime dependencies remain empty.
pytest==8.3.5 \
    --hash=sha256:c69214aa47deac29fad6c2a4f590b9c4a9fdb16a403176fe154b79c0b4d4d820
psutil==7.0.0 \
    --hash=sha256:4cf3d4eb1aa9b348dec30105c55cd9b7d4629285735a102beb4441e38db90553 \
    --hash=sha256:4b1388a4f6875d7e2aff5c4ca1cc16c545ed41dd8bb596cefea80111db353a34
coverage==7.7.1 \
    --hash=sha256:37351dc8123c154fa05b7579fdb126b9f8b1cf42fd6f79ddf19121b7bdd4aa04 \
    --hash=sha256:75c82b27c56478d5e1391f2e7b2e7f588d093157fa40d53fd9453a471b1191f2
ruff==0.11.2 \
    --hash=sha256:3170150172a8f994136c0c66f494edf199a0bbea7a409f649e4bc8f4d7084080 \
    --hash=sha256:869bcf3f9abf6457fbe39b5a37333aa4eecc52a3b99c98827ccc371a8e5b6f1b
mypy==1.15.0 \
    --hash=sha256:171a9ca9a40cd1843abeca0e405bc1940cd9b305eaeea2dda769ba096932bb22 \
    --hash=sha256:8023ff13985661b50a5928fc7a5ca15f3d1affb41e5f0a9952cb68ef090b31ee
colorama==0.4.6; sys_platform == "win32" \
    --hash=sha256:4f1d9991f5acc0ca119f9d443620b77f9d6b33703e51011c16baf57afb285fc6
iniconfig==2.3.0 \
    --hash=sha256:f631c04d2c48c52b84d0d0549c99ff3859c98df65b3101406327ecc7d53fbf12
packaging==26.3 \
    --hash=sha256:d7193f7c8e4e93f444fde0262bf90af30e16fa0ad0ad44cb553c87339b23cd1c
pluggy==1.6.0 \
    --hash=sha256:e920276dd6813095e9377c0bc5566d94c932c33b27a3e3945d8389c374dd4746
mypy_extensions==1.1.0 \
    --hash=sha256:1be4cccdb0f2482337c4743e60421de3a356cd97508abadd57d47403e94f5505
typing_extensions==4.16.0 \
    --hash=sha256:481caa481374e813c1b176ada14e97f1f67a4539ce9cfeb3f350d78d6370c2e8
